
Microsoft Visual Studio Solution File, Format Version 12.00
# Visual Studio 15
Project("{FAE04EC0-301F-11D3-BF4B-00C04F79EFBC}") = "Assembly-CSharp", "Assembly-CSharp.csproj", "{0A92EB5B-5BE2-E97C-60D3-3662FD461942}"
EndProject
Project("{FAE04EC0-301F-11D3-BF4B-00C04F79EFBC}") = "Assembly-CSharp-firstpass", "Assembly-CSharp-firstpass.csproj", "{C8A3DBF0-DEBF-3433-CFC4-BDF53CFC6B17}"
EndProject
Project("{FAE04EC0-301F-11D3-BF4B-00C04F79EFBC}") = "Assembly-CSharp-Editor-firstpass", "Assembly-CSharp-Editor-firstpass.csproj", "{5C9852C0-D33C-E873-E0A6-E3352B55C78E}"
EndProject
Project("{FAE04EC0-301F-11D3-BF4B-00C04F79EFBC}") = "Assembly-CSharp-Editor", "Assembly-CSharp-Editor.csproj", "{1982E61A-359C-6019-0F42-F58D3A863510}"
EndProject
Global
	GlobalSection(SolutionConfigurationPlatforms) = preSolution
		Debug|Any CPU = Debug|Any CPU
		Release|Any CPU = Release|Any CPU
	EndGlobalSection
	GlobalSection(ProjectConfigurationPlatforms) = postSolution
		{0A92EB5B-5BE2-E97C-60D3-3662FD461942}.Debug|Any CPU.ActiveCfg = Debug|Any CPU
		{0A92EB5B-5BE2-E97C-60D3-3662FD461942}.Debug|Any CPU.Build.0 = Debug|Any CPU
		{0A92EB5B-5BE2-E97C-60D3-3662FD461942}.Release|Any CPU.ActiveCfg = Release|Any CPU
		{0A92EB5B-5BE2-E97C-60D3-3662FD461942}.Release|Any CPU.Build.0 = Release|Any CPU
		{C8A3DBF0-DEBF-3433-CFC4-BDF53CFC6B17}.Debug|Any CPU.ActiveCfg = Debug|Any CPU
		{C8A3DBF0-DEBF-3433-CFC4-BDF53CFC6B17}.Debug|Any CPU.Build.0 = Debug|Any CPU
		{C8A3DBF0-DEBF-3433-CFC4-BDF53CFC6B17}.Release|Any CPU.ActiveCfg = Release|Any CPU
		{C8A3DBF0-DEBF-3433-CFC4-BDF53CFC6B17}.Release|Any CPU.Build.0 = Release|Any CPU
		{5C9852C0-D33C-E873-E0A6-E3352B55C78E}.Debug|Any CPU.ActiveCfg = Debug|Any CPU
		{5C9852C0-D33C-E873-E0A6-E3352B55C78E}.Debug|Any CPU.Build.0 = Debug|Any CPU
		{5C9852C0-D33C-E873-E0A6-E3352B55C78E}.Release|Any CPU.ActiveCfg = Release|Any CPU
		{5C9852C0-D33C-E873-E0A6-E3352B55C78E}.Release|Any CPU.Build.0 = Release|Any CPU
		{1982E61A-359C-6019-0F42-F58D3A863510}.Debug|Any CPU.ActiveCfg = Debug|Any CPU
		{1982E61A-359C-6019-0F42-F58D3A863510}.Debug|Any CPU.Build.0 = Debug|Any CPU
		{1982E61A-359C-6019-0F42-F58D3A863510}.Release|Any CPU.ActiveCfg = Release|Any CPU
		{1982E61A-359C-6019-0F42-F58D3A863510}.Release|Any CPU.Build.0 = Release|Any CPU
	EndGlobalSection
	GlobalSection(SolutionProperties) = preSolution
		HideSolutionNode = FALSE
	EndGlobalSection
EndGlobal
